
Microsoft Visual Studio Solution File, Format Version 12.00
# Visual Studio Version 16
VisualStudioVersion = 16.0.30320.27
MinimumVisualStudioVersion = 10.0.40219.1
Project("{FAE04EC0-301F-11D3-BF4B-00C04F79EFBC}") = "MyShop.Core", "MyShop.Core\MyShop.Core.csproj", "{ADC0F406-C7AA-4552-BD53-9F92E19FBB2B}"
EndProject
Project("{FAE04EC0-301F-11D3-BF4B-00C04F79EFBC}") = "MyShop.Services", "MyShop.Services\MyShop.Services.csproj", "{4651D1BA-392B-42A6-A0C9-326D657C640C}"
EndProject
Project("{FAE04EC0-301F-11D3-BF4B-00C04F79EFBC}") = "MyShop.DataAccess.SQL", "MyShop.DataAccess.SQL\MyShop.DataAccess.SQL.csproj", "{C4BE4126-DDCA-44CD-9022-F54066AA9245}"
EndProject
Project("{FAE04EC0-301F-11D3-BF4B-00C04F79EFBC}") = "MyShop.DataAccess.InMemory", "MyShop.DataAccess.InMemory\MyShop.DataAccess.InMemory.csproj", "{5CCD0AE2-43A4-4F58-B783-9D5B84CC2F6A}"
EndProject
Project("{FAE04EC0-301F-11D3-BF4B-00C04F79EFBC}") = "MyShop.WebUI", "MyShop.WebUI\MyShop.WebUI.csproj", "{E1DC52C8-3428-408B-8145-5739BDA85A82}"
EndProject
Project("{FAE04EC0-301F-11D3-BF4B-00C04F79EFBC}") = "MyShop.WebUI.Tests", "MyShop.WebUI.Tests\MyShop.WebUI.Tests.csproj", "{BA9D3376-E9E5-4A82-BE93-3474229AE36B}"
EndProject
Global
	GlobalSection(SolutionConfigurationPlatforms) = preSolution
		Debug|Any CPU = Debug|Any CPU
		Release|Any CPU = Release|Any CPU
	EndGlobalSection
	GlobalSection(ProjectConfigurationPlatforms) = postSolution
		{ADC0F406-C7AA-4552-BD53-9F92E19FBB2B}.Debug|Any CPU.ActiveCfg = Debug|Any CPU
		{ADC0F406-C7AA-4552-BD53-9F92E19FBB2B}.Debug|Any CPU.Build.0 = Debug|Any CPU
		{ADC0F406-C7AA-4552-BD53-9F92E19FBB2B}.Release|Any CPU.ActiveCfg = Release|Any CPU
		{ADC0F406-C7AA-4552-BD53-9F92E19FBB2B}.Release|Any CPU.Build.0 = Release|Any CPU
		{4651D1BA-392B-42A6-A0C9-326D657C640C}.Debug|Any CPU.ActiveCfg = Debug|Any CPU
		{4651D1BA-392B-42A6-A0C9-326D657C640C}.Debug|Any CPU.Build.0 = Debug|Any CPU
		{4651D1BA-392B-42A6-A0C9-326D657C640C}.Release|Any CPU.ActiveCfg = Release|Any CPU
		{4651D1BA-392B-42A6-A0C9-326D657C640C}.Release|Any CPU.Build.0 = Release|Any CPU
		{C4BE4126-DDCA-44CD-9022-F54066AA9245}.Debug|Any CPU.ActiveCfg = Debug|Any CPU
		{C4BE4126-DDCA-44CD-9022-F54066AA9245}.Debug|Any CPU.Build.0 = Debug|Any CPU
		{C4BE4126-DDCA-44CD-9022-F54066AA9245}.Release|Any CPU.ActiveCfg = Release|Any CPU
		{C4BE4126-DDCA-44CD-9022-F54066AA9245}.Release|Any CPU.Build.0 = Release|Any CPU
		{5CCD0AE2-43A4-4F58-B783-9D5B84CC2F6A}.Debug|Any CPU.ActiveCfg = Debug|Any CPU
		{5CCD0AE2-43A4-4F58-B783-9D5B84CC2F6A}.Debug|Any CPU.Build.0 = Debug|Any CPU
		{5CCD0AE2-43A4-4F58-B783-9D5B84CC2F6A}.Release|Any CPU.ActiveCfg = Release|Any CPU
		{5CCD0AE2-43A4-4F58-B783-9D5B84CC2F6A}.Release|Any CPU.Build.0 = Release|Any CPU
		{E1DC52C8-3428-408B-8145-5739BDA85A82}.Debug|Any CPU.ActiveCfg = Debug|Any CPU
		{E1DC52C8-3428-408B-8145-5739BDA85A82}.Debug|Any CPU.Build.0 = Debug|Any CPU
		{E1DC52C8-3428-408B-8145-5739BDA85A82}.Release|Any CPU.ActiveCfg = Release|Any CPU
		{E1DC52C8-3428-408B-8145-5739BDA85A82}.Release|Any CPU.Build.0 = Release|Any CPU
		{BA9D3376-E9E5-4A82-BE93-3474229AE36B}.Debug|Any CPU.ActiveCfg = Debug|Any CPU
		{BA9D3376-E9E5-4A82-BE93-3474229AE36B}.Debug|Any CPU.Build.0 = Debug|Any CPU
		{BA9D3376-E9E5-4A82-BE93-3474229AE36B}.Release|Any CPU.ActiveCfg = Release|Any CPU
		{BA9D3376-E9E5-4A82-BE93-3474229AE36B}.Release|Any CPU.Build.0 = Release|Any CPU
	EndGlobalSection
	GlobalSection(SolutionProperties) = preSolution
		HideSolutionNode = FALSE
	EndGlobalSection
	GlobalSection(ExtensibilityGlobals) = postSolution
		SolutionGuid = {300FEB90-B31A-4464-A807-99DD1F000FB9}
	EndGlobalSection
EndGlobal
